
Microsoft Visual Studio Solution File, Format Version 12.00
# Visual Studio Version 17
VisualStudioVersion = 17.0.31903.59
MinimumVisualStudioVersion = 10.0.40219.1
Project("{9A19103F-16F7-4668-BE54-9A1E7A4F7556}") = "Terminal", "Terminal\Terminal.csproj", "{BE7F5D8C-04FE-49AB-9C6D-DA839A9B6B2D}"
EndProject
Project("{9A19103F-16F7-4668-BE54-9A1E7A4F7556}") = "FractionCalulationWpfApp", "FractionCalulationWpfApp\FractionCalulationWpfApp\FractionCalulationWpfApp.csproj", "{A585C215-F2BA-4486-A4AB-6E22AEB24A39}"
EndProject
Project("{9A19103F-16F7-4668-BE54-9A1E7A4F7556}") = "FractionCalculator", "FractionCalulationWpfApp\FractionCalculator\FractionCalculator.csproj", "{73A5181D-92B2-4902-9E39-FF9B796E2A79}"
EndProject
Project("{9A19103F-16F7-4668-BE54-9A1E7A4F7556}") = "Homework", "Homework\Homework.csproj", "{7039020F-33EE-42A7-A22C-431DE2DC7D58}"
EndProject
Project("{9A19103F-16F7-4668-BE54-9A1E7A4F7556}") = "Terminal.Test", "Terminal.Test\Terminal.Test.csproj", "{EA0A5ECF-4EEA-44E5-8636-0F836E344EE3}"
EndProject
Project("{9A19103F-16F7-4668-BE54-9A1E7A4F7556}") = "AsyncButtons", "AsyncButtons\AsyncButtons.csproj", "{A8CA5C1B-3108-4152-9595-AEF0D18F2553}"
EndProject
Project("{9A19103F-16F7-4668-BE54-9A1E7A4F7556}") = "MyDataStructure", "MyDataStructure\MyDataStructure.csproj", "{11ADE8F3-05B6-4D89-AE08-4EF7F04805F4}"
EndProject
Project("{9A19103F-16F7-4668-BE54-9A1E7A4F7556}") = "QueueProject", "QueueProject\QueueProject.csproj", "{7FD78C40-193F-4EDB-A3EA-40694FB5585D}"
EndProject
Project("{9A19103F-16F7-4668-BE54-9A1E7A4F7556}") = "StackProject", "StackProject\StackProject.csproj", "{A4C7AF60-50BB-4BC7-B482-97A40C646CD9}"
EndProject
Project("{9A19103F-16F7-4668-BE54-9A1E7A4F7556}") = "VisualQueueWPF", "VisualQueueWPF\VisualQueueWPF.csproj", "{4594B299-2BFC-4FE0-98EA-85E119B77A59}"
EndProject
Project("{9A19103F-16F7-4668-BE54-9A1E7A4F7556}") = "BinaryTreeProject", "BinaryTreeProject\BinaryTreeProject.csproj", "{B956FD54-39EC-4DDD-A32F-1E7B5BAEF5A1}"
EndProject
Project("{9A19103F-16F7-4668-BE54-9A1E7A4F7556}") = "HashingProject", "HashingProject\HashingProject.csproj", "{D0E84C6C-C324-45A1-9490-12A576D4D03D}"
EndProject
Project("{9A19103F-16F7-4668-BE54-9A1E7A4F7556}") = "Set", "Set\Set.csproj", "{71B56CAB-32C9-4604-A0C4-C30B9E4774BC}"
EndProject
Project("{9A19103F-16F7-4668-BE54-9A1E7A4F7556}") = "SetDemo", "SetDemo\SetDemo.csproj", "{AC4BDABF-7F54-4442-A3F0-F04727389EFC}"
EndProject
Project("{9A19103F-16F7-4668-BE54-9A1E7A4F7556}") = "PackLibrary", "MyPlanet\PackLibrary\PackLibrary.csproj", "{93F1E13B-EF0F-42D0-A271-396F3EB6E7D5}"
EndProject
Project("{9A19103F-16F7-4668-BE54-9A1E7A4F7556}") = "PeopleApp", "MyPlanet\PeopleApp\PeopleApp.csproj", "{D9216984-5215-40C6-A652-96FADEDDB601}"
EndProject
Project("{9A19103F-16F7-4668-BE54-9A1E7A4F7556}") = "ADONETExample", "ADONETExample\ADONETExample.csproj", "{761A702C-186C-41D8-9307-00EA5CF90B4B}"
EndProject
Project("{9A19103F-16F7-4668-BE54-9A1E7A4F7556}") = "ADONETWPF", "ADONETWPF\ADONETWPF.csproj", "{3C654F31-4990-4E16-ADB4-F528CF503875}"
EndProject
Project("{FAE04EC0-301F-11D3-BF4B-00C04F79EFBC}") = "EFCConsole", "EFCConsole\EFCConsole.csproj", "{FD25818F-CE2C-490D-BA62-67B10071D7B8}"
EndProject
Global
	GlobalSection(SolutionConfigurationPlatforms) = preSolution
		Debug|Any CPU = Debug|Any CPU
		EXTRA|Any CPU = EXTRA|Any CPU
		Release|Any CPU = Release|Any CPU
	EndGlobalSection
	GlobalSection(ProjectConfigurationPlatforms) = postSolution
		{BE7F5D8C-04FE-49AB-9C6D-DA839A9B6B2D}.Debug|Any CPU.ActiveCfg = Debug|Any CPU
		{BE7F5D8C-04FE-49AB-9C6D-DA839A9B6B2D}.Debug|Any CPU.Build.0 = Debug|Any CPU
		{BE7F5D8C-04FE-49AB-9C6D-DA839A9B6B2D}.EXTRA|Any CPU.ActiveCfg = EXTRA|Any CPU
		{BE7F5D8C-04FE-49AB-9C6D-DA839A9B6B2D}.EXTRA|Any CPU.Build.0 = EXTRA|Any CPU
		{BE7F5D8C-04FE-49AB-9C6D-DA839A9B6B2D}.Release|Any CPU.ActiveCfg = Release|Any CPU
		{BE7F5D8C-04FE-49AB-9C6D-DA839A9B6B2D}.Release|Any CPU.Build.0 = Release|Any CPU
		{A585C215-F2BA-4486-A4AB-6E22AEB24A39}.Debug|Any CPU.ActiveCfg = Debug|Any CPU
		{A585C215-F2BA-4486-A4AB-6E22AEB24A39}.Debug|Any CPU.Build.0 = Debug|Any CPU
		{A585C215-F2BA-4486-A4AB-6E22AEB24A39}.EXTRA|Any CPU.ActiveCfg = EXTRA|Any CPU
		{A585C215-F2BA-4486-A4AB-6E22AEB24A39}.EXTRA|Any CPU.Build.0 = EXTRA|Any CPU
		{A585C215-F2BA-4486-A4AB-6E22AEB24A39}.Release|Any CPU.ActiveCfg = Release|Any CPU
		{A585C215-F2BA-4486-A4AB-6E22AEB24A39}.Release|Any CPU.Build.0 = Release|Any CPU
		{73A5181D-92B2-4902-9E39-FF9B796E2A79}.Debug|Any CPU.ActiveCfg = Debug|Any CPU
		{73A5181D-92B2-4902-9E39-FF9B796E2A79}.Debug|Any CPU.Build.0 = Debug|Any CPU
		{73A5181D-92B2-4902-9E39-FF9B796E2A79}.EXTRA|Any CPU.ActiveCfg = EXTRA|Any CPU
		{73A5181D-92B2-4902-9E39-FF9B796E2A79}.EXTRA|Any CPU.Build.0 = EXTRA|Any CPU
		{73A5181D-92B2-4902-9E39-FF9B796E2A79}.Release|Any CPU.ActiveCfg = Release|Any CPU
		{73A5181D-92B2-4902-9E39-FF9B796E2A79}.Release|Any CPU.Build.0 = Release|Any CPU
		{7039020F-33EE-42A7-A22C-431DE2DC7D58}.Debug|Any CPU.ActiveCfg = Debug|Any CPU
		{7039020F-33EE-42A7-A22C-431DE2DC7D58}.Debug|Any CPU.Build.0 = Debug|Any CPU
		{7039020F-33EE-42A7-A22C-431DE2DC7D58}.EXTRA|Any CPU.ActiveCfg = EXTRA|Any CPU
		{7039020F-33EE-42A7-A22C-431DE2DC7D58}.EXTRA|Any CPU.Build.0 = EXTRA|Any CPU
		{7039020F-33EE-42A7-A22C-431DE2DC7D58}.Release|Any CPU.ActiveCfg = Release|Any CPU
		{7039020F-33EE-42A7-A22C-431DE2DC7D58}.Release|Any CPU.Build.0 = Release|Any CPU
		{EA0A5ECF-4EEA-44E5-8636-0F836E344EE3}.Debug|Any CPU.ActiveCfg = Debug|Any CPU
		{EA0A5ECF-4EEA-44E5-8636-0F836E344EE3}.Debug|Any CPU.Build.0 = Debug|Any CPU
		{EA0A5ECF-4EEA-44E5-8636-0F836E344EE3}.EXTRA|Any CPU.ActiveCfg = Debug|Any CPU
		{EA0A5ECF-4EEA-44E5-8636-0F836E344EE3}.EXTRA|Any CPU.Build.0 = Debug|Any CPU
		{EA0A5ECF-4EEA-44E5-8636-0F836E344EE3}.Release|Any CPU.ActiveCfg = Release|Any CPU
		{EA0A5ECF-4EEA-44E5-8636-0F836E344EE3}.Release|Any CPU.Build.0 = Release|Any CPU
		{A8CA5C1B-3108-4152-9595-AEF0D18F2553}.Debug|Any CPU.ActiveCfg = Debug|Any CPU
		{A8CA5C1B-3108-4152-9595-AEF0D18F2553}.Debug|Any CPU.Build.0 = Debug|Any CPU
		{A8CA5C1B-3108-4152-9595-AEF0D18F2553}.EXTRA|Any CPU.ActiveCfg = Debug|Any CPU
		{A8CA5C1B-3108-4152-9595-AEF0D18F2553}.EXTRA|Any CPU.Build.0 = Debug|Any CPU
		{A8CA5C1B-3108-4152-9595-AEF0D18F2553}.Release|Any CPU.ActiveCfg = Release|Any CPU
		{A8CA5C1B-3108-4152-9595-AEF0D18F2553}.Release|Any CPU.Build.0 = Release|Any CPU
		{11ADE8F3-05B6-4D89-AE08-4EF7F04805F4}.Debug|Any CPU.ActiveCfg = Debug|Any CPU
		{11ADE8F3-05B6-4D89-AE08-4EF7F04805F4}.Debug|Any CPU.Build.0 = Debug|Any CPU
		{11ADE8F3-05B6-4D89-AE08-4EF7F04805F4}.EXTRA|Any CPU.ActiveCfg = Debug|Any CPU
		{11ADE8F3-05B6-4D89-AE08-4EF7F04805F4}.EXTRA|Any CPU.Build.0 = Debug|Any CPU
		{11ADE8F3-05B6-4D89-AE08-4EF7F04805F4}.Release|Any CPU.ActiveCfg = Release|Any CPU
		{11ADE8F3-05B6-4D89-AE08-4EF7F04805F4}.Release|Any CPU.Build.0 = Release|Any CPU
		{7FD78C40-193F-4EDB-A3EA-40694FB5585D}.Debug|Any CPU.ActiveCfg = Debug|Any CPU
		{7FD78C40-193F-4EDB-A3EA-40694FB5585D}.Debug|Any CPU.Build.0 = Debug|Any CPU
		{7FD78C40-193F-4EDB-A3EA-40694FB5585D}.EXTRA|Any CPU.ActiveCfg = Debug|Any CPU
		{7FD78C40-193F-4EDB-A3EA-40694FB5585D}.EXTRA|Any CPU.Build.0 = Debug|Any CPU
		{7FD78C40-193F-4EDB-A3EA-40694FB5585D}.Release|Any CPU.ActiveCfg = Release|Any CPU
		{7FD78C40-193F-4EDB-A3EA-40694FB5585D}.Release|Any CPU.Build.0 = Release|Any CPU
		{A4C7AF60-50BB-4BC7-B482-97A40C646CD9}.Debug|Any CPU.ActiveCfg = Debug|Any CPU
		{A4C7AF60-50BB-4BC7-B482-97A40C646CD9}.Debug|Any CPU.Build.0 = Debug|Any CPU
		{A4C7AF60-50BB-4BC7-B482-97A40C646CD9}.EXTRA|Any CPU.ActiveCfg = Debug|Any CPU
		{A4C7AF60-50BB-4BC7-B482-97A40C646CD9}.EXTRA|Any CPU.Build.0 = Debug|Any CPU
		{A4C7AF60-50BB-4BC7-B482-97A40C646CD9}.Release|Any CPU.ActiveCfg = Release|Any CPU
		{A4C7AF60-50BB-4BC7-B482-97A40C646CD9}.Release|Any CPU.Build.0 = Release|Any CPU
		{4594B299-2BFC-4FE0-98EA-85E119B77A59}.Debug|Any CPU.ActiveCfg = Debug|Any CPU
		{4594B299-2BFC-4FE0-98EA-85E119B77A59}.Debug|Any CPU.Build.0 = Debug|Any CPU
		{4594B299-2BFC-4FE0-98EA-85E119B77A59}.EXTRA|Any CPU.ActiveCfg = Debug|Any CPU
		{4594B299-2BFC-4FE0-98EA-85E119B77A59}.EXTRA|Any CPU.Build.0 = Debug|Any CPU
		{4594B299-2BFC-4FE0-98EA-85E119B77A59}.Release|Any CPU.ActiveCfg = Release|Any CPU
		{4594B299-2BFC-4FE0-98EA-85E119B77A59}.Release|Any CPU.Build.0 = Release|Any CPU
		{B956FD54-39EC-4DDD-A32F-1E7B5BAEF5A1}.Debug|Any CPU.ActiveCfg = Debug|Any CPU
		{B956FD54-39EC-4DDD-A32F-1E7B5BAEF5A1}.Debug|Any CPU.Build.0 = Debug|Any CPU
		{B956FD54-39EC-4DDD-A32F-1E7B5BAEF5A1}.EXTRA|Any CPU.ActiveCfg = Debug|Any CPU
		{B956FD54-39EC-4DDD-A32F-1E7B5BAEF5A1}.EXTRA|Any CPU.Build.0 = Debug|Any CPU
		{B956FD54-39EC-4DDD-A32F-1E7B5BAEF5A1}.Release|Any CPU.ActiveCfg = Release|Any CPU
		{B956FD54-39EC-4DDD-A32F-1E7B5BAEF5A1}.Release|Any CPU.Build.0 = Release|Any CPU
		{D0E84C6C-C324-45A1-9490-12A576D4D03D}.Debug|Any CPU.ActiveCfg = Debug|Any CPU
		{D0E84C6C-C324-45A1-9490-12A576D4D03D}.Debug|Any CPU.Build.0 = Debug|Any CPU
		{D0E84C6C-C324-45A1-9490-12A576D4D03D}.EXTRA|Any CPU.ActiveCfg = Debug|Any CPU
		{D0E84C6C-C324-45A1-9490-12A576D4D03D}.EXTRA|Any CPU.Build.0 = Debug|Any CPU
		{D0E84C6C-C324-45A1-9490-12A576D4D03D}.Release|Any CPU.ActiveCfg = Release|Any CPU
		{D0E84C6C-C324-45A1-9490-12A576D4D03D}.Release|Any CPU.Build.0 = Release|Any CPU
		{71B56CAB-32C9-4604-A0C4-C30B9E4774BC}.Debug|Any CPU.ActiveCfg = Debug|Any CPU
		{71B56CAB-32C9-4604-A0C4-C30B9E4774BC}.Debug|Any CPU.Build.0 = Debug|Any CPU
		{71B56CAB-32C9-4604-A0C4-C30B9E4774BC}.EXTRA|Any CPU.ActiveCfg = Debug|Any CPU
		{71B56CAB-32C9-4604-A0C4-C30B9E4774BC}.EXTRA|Any CPU.Build.0 = Debug|Any CPU
		{71B56CAB-32C9-4604-A0C4-C30B9E4774BC}.Release|Any CPU.ActiveCfg = Release|Any CPU
		{71B56CAB-32C9-4604-A0C4-C30B9E4774BC}.Release|Any CPU.Build.0 = Release|Any CPU
		{AC4BDABF-7F54-4442-A3F0-F04727389EFC}.Debug|Any CPU.ActiveCfg = Debug|Any CPU
		{AC4BDABF-7F54-4442-A3F0-F04727389EFC}.Debug|Any CPU.Build.0 = Debug|Any CPU
		{AC4BDABF-7F54-4442-A3F0-F04727389EFC}.EXTRA|Any CPU.ActiveCfg = Debug|Any CPU
		{AC4BDABF-7F54-4442-A3F0-F04727389EFC}.EXTRA|Any CPU.Build.0 = Debug|Any CPU
		{AC4BDABF-7F54-4442-A3F0-F04727389EFC}.Release|Any CPU.ActiveCfg = Release|Any CPU
		{AC4BDABF-7F54-4442-A3F0-F04727389EFC}.Release|Any CPU.Build.0 = Release|Any CPU
		{93F1E13B-EF0F-42D0-A271-396F3EB6E7D5}.Debug|Any CPU.ActiveCfg = Debug|Any CPU
		{93F1E13B-EF0F-42D0-A271-396F3EB6E7D5}.Debug|Any CPU.Build.0 = Debug|Any CPU
		{93F1E13B-EF0F-42D0-A271-396F3EB6E7D5}.EXTRA|Any CPU.ActiveCfg = Debug|Any CPU
		{93F1E13B-EF0F-42D0-A271-396F3EB6E7D5}.EXTRA|Any CPU.Build.0 = Debug|Any CPU
		{93F1E13B-EF0F-42D0-A271-396F3EB6E7D5}.Release|Any CPU.ActiveCfg = Release|Any CPU
		{93F1E13B-EF0F-42D0-A271-396F3EB6E7D5}.Release|Any CPU.Build.0 = Release|Any CPU
		{D9216984-5215-40C6-A652-96FADEDDB601}.Debug|Any CPU.ActiveCfg = Debug|Any CPU
		{D9216984-5215-40C6-A652-96FADEDDB601}.Debug|Any CPU.Build.0 = Debug|Any CPU
		{D9216984-5215-40C6-A652-96FADEDDB601}.EXTRA|Any CPU.ActiveCfg = Debug|Any CPU
		{D9216984-5215-40C6-A652-96FADEDDB601}.EXTRA|Any CPU.Build.0 = Debug|Any CPU
		{D9216984-5215-40C6-A652-96FADEDDB601}.Release|Any CPU.ActiveCfg = Release|Any CPU
		{D9216984-5215-40C6-A652-96FADEDDB601}.Release|Any CPU.Build.0 = Release|Any CPU
		{761A702C-186C-41D8-9307-00EA5CF90B4B}.Debug|Any CPU.ActiveCfg = Debug|Any CPU
		{761A702C-186C-41D8-9307-00EA5CF90B4B}.Debug|Any CPU.Build.0 = Debug|Any CPU
		{761A702C-186C-41D8-9307-00EA5CF90B4B}.EXTRA|Any CPU.ActiveCfg = Debug|Any CPU
		{761A702C-186C-41D8-9307-00EA5CF90B4B}.EXTRA|Any CPU.Build.0 = Debug|Any CPU
		{761A702C-186C-41D8-9307-00EA5CF90B4B}.Release|Any CPU.ActiveCfg = Release|Any CPU
		{761A702C-186C-41D8-9307-00EA5CF90B4B}.Release|Any CPU.Build.0 = Release|Any CPU
		{3C654F31-4990-4E16-ADB4-F528CF503875}.Debug|Any CPU.ActiveCfg = Debug|Any CPU
		{3C654F31-4990-4E16-ADB4-F528CF503875}.Debug|Any CPU.Build.0 = Debug|Any CPU
		{3C654F31-4990-4E16-ADB4-F528CF503875}.EXTRA|Any CPU.ActiveCfg = Debug|Any CPU
		{3C654F31-4990-4E16-ADB4-F528CF503875}.EXTRA|Any CPU.Build.0 = Debug|Any CPU
		{3C654F31-4990-4E16-ADB4-F528CF503875}.Release|Any CPU.ActiveCfg = Release|Any CPU
		{3C654F31-4990-4E16-ADB4-F528CF503875}.Release|Any CPU.Build.0 = Release|Any CPU
		{FD25818F-CE2C-490D-BA62-67B10071D7B8}.Debug|Any CPU.ActiveCfg = Debug|Any CPU
		{FD25818F-CE2C-490D-BA62-67B10071D7B8}.Debug|Any CPU.Build.0 = Debug|Any CPU
		{FD25818F-CE2C-490D-BA62-67B10071D7B8}.EXTRA|Any CPU.ActiveCfg = Debug|Any CPU
		{FD25818F-CE2C-490D-BA62-67B10071D7B8}.EXTRA|Any CPU.Build.0 = Debug|Any CPU
		{FD25818F-CE2C-490D-BA62-67B10071D7B8}.Release|Any CPU.ActiveCfg = Release|Any CPU
		{FD25818F-CE2C-490D-BA62-67B10071D7B8}.Release|Any CPU.Build.0 = Release|Any CPU
	EndGlobalSection
	GlobalSection(SolutionProperties) = preSolution
		HideSolutionNode = FALSE
	EndGlobalSection
	GlobalSection(ExtensibilityGlobals) = postSolution
		SolutionGuid = {EAC8FA77-2A63-4B56-ADA2-BEBF9A8395D2}
	EndGlobalSection
EndGlobal
